{
  "name": "@graphql-rpc/encoding",
  "version": "0.0.0",
  "lockfileVersion": 1,
  "requires": true,
  "dependencies": {
    "@types/bl": {
      "version": "2.1.0",
      "resolved": "https://registry.npmjs.org/@types/bl/-/bl-2.1.0.tgz",
      "integrity": "sha512-1TdA9IXOy4sdqn8vgieQ6GZAiHiPNrOiO1s2GJjuYPw4QVY7gYoVjkW049avj33Ez7IcIvu43hQsMsoUFbCn2g==",
      "dev": true,
      "requires": {
        "@types/node": "*"
      }
    },
    "@types/msgpack5": {
      "version": "3.4.1",
      "resolved": "https://registry.npmjs.org/@types/msgpack5/-/msgpack5-3.4.1.tgz",
      "integrity": "sha512-E3wILUjTXONukpiI6tmqpLwf7eV3MVTdxpjz56FqNn7koMF/6sSPUh5TxMlwgoOhyeejxwVoNZUiDcdqChKkAw==",
      "dev": true,
      "requires": {
        "@types/bl": "*"
      }
    },
    "@types/node": {
      "version": "11.13.4",
      "resolved": "https://registry.npmjs.org/@types/node/-/node-11.13.4.tgz",
      "integrity": "sha512-+rabAZZ3Yn7tF/XPGHupKIL5EcAbrLxnTr/hgQICxbeuAfWtT0UZSfULE+ndusckBItcv4o6ZeOJplQikVcLvQ==",
      "dev": true
    }
  }
}
